
Microsoft Visual Studio Solution File, Format Version 12.00
# Visual Studio 15
VisualStudioVersion = 15.0.28307.572
MinimumVisualStudioVersion = 10.0.40219.1
Project("{FAE04EC0-301F-11D3-BF4B-00C04F79EFBC}") = "WpfSayHello", "WpfSayHello\WpfSayHello.csproj", "{5018D262-D54F-4B44-87BE-6E1601CB7492}"
EndProject
Global
	GlobalSection(SolutionConfigurationPlatforms) = preSolution
		Debug|Any CPU = Debug|Any CPU
		Release|Any CPU = Release|Any CPU
	EndGlobalSection
	GlobalSection(ProjectConfigurationPlatforms) = postSolution
		{5018D262-D54F-4B44-87BE-6E1601CB7492}.Debug|Any CPU.ActiveCfg = Debug|Any CPU
		{5018D262-D54F-4B44-87BE-6E1601CB7492}.Debug|Any CPU.Build.0 = Debug|Any CPU
		{5018D262-D54F-4B44-87BE-6E1601CB7492}.Release|Any CPU.ActiveCfg = Release|Any CPU
		{5018D262-D54F-4B44-87BE-6E1601CB7492}.Release|Any CPU.Build.0 = Release|Any CPU
	EndGlobalSection
	GlobalSection(SolutionProperties) = preSolution
		HideSolutionNode = FALSE
	EndGlobalSection
	GlobalSection(ExtensibilityGlobals) = postSolution
		SolutionGuid = {DF3F52BA-DDF4-4609-89B2-4E0A2DC99ABB}
	EndGlobalSection
EndGlobal
