
Microsoft Visual Studio Solution File, Format Version 12.00
# Visual Studio 15
VisualStudioVersion = 15.0.28307.572
MinimumVisualStudioVersion = 10.0.40219.1
Project("{FAE04EC0-301F-11D3-BF4B-00C04F79EFBC}") = "WindowsFormsSayHello", "WindowsFormsSayHello\WindowsFormsSayHello.csproj", "{8D596A91-3B0A-4F57-A60F-02690C966886}"
EndProject
Global
	GlobalSection(SolutionConfigurationPlatforms) = preSolution
		Debug|Any CPU = Debug|Any CPU
		Release|Any CPU = Release|Any CPU
	EndGlobalSection
	GlobalSection(ProjectConfigurationPlatforms) = postSolution
		{8D596A91-3B0A-4F57-A60F-02690C966886}.Debug|Any CPU.ActiveCfg = Debug|Any CPU
		{8D596A91-3B0A-4F57-A60F-02690C966886}.Debug|Any CPU.Build.0 = Debug|Any CPU
		{8D596A91-3B0A-4F57-A60F-02690C966886}.Release|Any CPU.ActiveCfg = Release|Any CPU
		{8D596A91-3B0A-4F57-A60F-02690C966886}.Release|Any CPU.Build.0 = Release|Any CPU
	EndGlobalSection
	GlobalSection(SolutionProperties) = preSolution
		HideSolutionNode = FALSE
	EndGlobalSection
	GlobalSection(ExtensibilityGlobals) = postSolution
		SolutionGuid = {75601A0E-5868-47E8-9EFC-565B82D5A20B}
	EndGlobalSection
EndGlobal
